{
  "object": {
    "pins": [
      {
        "package": "Alamofire",
        "repositoryURL": "git@github.com:Alamofire/Alamofire.git",
        "state": {
          "branch": null,
          "revision": "f455c2975872ccd2d9c81594c658af65716e9b9a",
          "version": "5.9.1"
        }
      },
      {
        "package": "AnyCodable",
        "repositoryURL": "git@github.com:Flight-School/AnyCodable.git",
        "state": {
          "branch": null,
          "revision": "862808b2070cd908cb04f9aafe7de83d35f81b05",
          "version": "0.6.7"
        }
      },
      {
        "package": "CCommonCrypto",
        "repositoryURL": "https://github.com/jernejstrasner/CCommonCrypto.git",
        "state": {
          "branch": null,
          "revision": "0530a4637e4a3728f6d5f23199a2f6e4f56c126d",
          "version": "1.1.0"
        }
      },
      {
        "package": "Mocker",
        "repositoryURL": "git@github.com:WeTransfer/Mocker.git",
        "state": {
          "branch": null,
          "revision": "5d86f27a8f80d4ba388bc1a379a3c2289a1f3d18",
          "version": "2.6.0"
        }
      },
      {
        "package": "OSLogger",
        "repositoryURL": "git@github.com:kmisiura/OSLogger.git",
        "state": {
          "branch": null,
          "revision": "36285b4c5b1c3e824e141382649974ab24072ef5",
          "version": "1.0.0"
        }
      },
      {
        "package": "SwiftCrypto",
        "repositoryURL": "git@github.com:jernejstrasner/SwiftCrypto.git",
        "state": {
          "branch": null,
          "revision": "2ebc58fa75de1c7d4ef884c609a81398c01655d7",
          "version": "1.0.3"
        }
      }
    ]
  },
  "version": 1
}
